
Microsoft Visual Studio Solution File, Format Version 12.00
# Visual Studio Version 17
VisualStudioVersion = 17.11.35312.102
MinimumVisualStudioVersion = 10.0.40219.1
Project("{FAE04EC0-301F-11D3-BF4B-00C04F79EFBC}") = "Cocktails", "Cocktails.csproj", "{B27720D6-7BD0-4006-9B48-50CF74E12790}"
EndProject
Global
	GlobalSection(SolutionConfigurationPlatforms) = preSolution
		Debug|Any CPU = Debug|Any CPU
		Release|Any CPU = Release|Any CPU
	EndGlobalSection
	GlobalSection(ProjectConfigurationPlatforms) = postSolution
		{B27720D6-7BD0-4006-9B48-50CF74E12790}.Debug|Any CPU.ActiveCfg = Debug|Any CPU
		{B27720D6-7BD0-4006-9B48-50CF74E12790}.Debug|Any CPU.Build.0 = Debug|Any CPU
		{B27720D6-7BD0-4006-9B48-50CF74E12790}.Release|Any CPU.ActiveCfg = Release|Any CPU
		{B27720D6-7BD0-4006-9B48-50CF74E12790}.Release|Any CPU.Build.0 = Release|Any CPU
	EndGlobalSection
	GlobalSection(SolutionProperties) = preSolution
		HideSolutionNode = FALSE
	EndGlobalSection
	GlobalSection(ExtensibilityGlobals) = postSolution
		SolutionGuid = {FA177D30-1D3B-4488-BDF8-D9976206F3B4}
	EndGlobalSection
EndGlobal
